// !$*UTF8*$!
{
	archiveVersion = 1;
	classes = {
	};
	objectVersion = 56;
	objects = {

/* Begin PBXBuildFile section */
		53B76ED12C57FC71002820D8 /* FakeStoreApp.swift in Sources */ = {isa = PBXBuildFile; fileRef = 53B76ED02C57FC71002820D8 /* FakeStoreApp.swift */; };
		53B76ED32C57FC71002820D8 /* ContentView.swift in Sources */ = {isa = PBXBuildFile; fileRef = 53B76ED22C57FC71002820D8 /* ContentView.swift */; };
		53B76ED52C57FC72002820D8 /* Assets.xcassets in Resources */ = {isa = PBXBuildFile; fileRef = 53B76ED42C57FC72002820D8 /* Assets.xcassets */; };
		53B76ED92C57FC72002820D8 /* Preview Assets.xcassets in Resources */ = {isa = PBXBuildFile; fileRef = 53B76ED82C57FC72002820D8 /* Preview Assets.xcassets */; };
		53B76EE32C57FC72002820D8 /* FakeStoreTests.swift in Sources */ = {isa = PBXBuildFile; fileRef = 53B76EE22C57FC72002820D8 /* FakeStoreTests.swift */; };
		53B76EED2C57FC72002820D8 /* FakeStoreUITests.swift in Sources */ = {isa = PBXBuildFile; fileRef = 53B76EEC2C57FC72002820D8 /* FakeStoreUITests.swift */; };
		53B76EEF2C57FC72002820D8 /* FakeStoreUITestsLaunchTests.swift in Sources */ = {isa = PBXBuildFile; fileRef = 53B76EEE2C57FC72002820D8 /* FakeStoreUITestsLaunchTests.swift */; };
/* End PBXBuildFile section */

/* Begin PBXContainerItemProxy section */
		53B76EDF2C57FC72002820D8 /* PBXContainerItemProxy */ = {
			isa = PBXContainerItemProxy;
			containerPortal = 53B76EC52C57FC71002820D8 /* Project object */;
			proxyType = 1;
			remoteGlobalIDString = 53B76ECC2C57FC71002820D8;
			remoteInfo = FakeStore;
		};
		53B76EE92C57FC72002820D8 /* PBXContainerItemProxy */ = {
			isa = PBXContainerItemProxy;
			containerPortal = 53B76EC52C57FC71002820D8 /* Project object */;
			proxyType = 1;
			remoteGlobalIDString = 53B76ECC2C57FC71002820D8;
			remoteInfo = FakeStore;
		};
/* End PBXContainerItemProxy section */

/* Begin PBXFileReference section */
		53B76ECD2C57FC71002820D8 /* FakeStore.app */ = {isa = PBXFileReference; explicitFileType = wrapper.application; includeInIndex = 0; path = FakeStore.app; sourceTree = BUILT_PRODUCTS_DIR; };
		53B76ED02C57FC71002820D8 /* FakeStoreApp.swift */ = {isa = PBXFileReference; lastKnownFileType = sourcecode.swift; path = FakeStoreApp.swift; sourceTree = "<group>"; };
		53B76ED22C57FC71002820D8 /* ContentView.swift */ = {isa = PBXFileReference; lastKnownFileType = sourcecode.swift; path = ContentView.swift; sourceTree = "<group>"; };
		53B76ED42C57FC72002820D8 /* Assets.xcassets */ = {isa = PBXFileReference; lastKnownFileType = folder.assetcatalog; path = Assets.xcassets; sourceTree = "<group>"; };
		53B76ED62C57FC72002820D8 /* FakeStore.entitlements */ = {isa = PBXFileReference; lastKnownFileType = text.plist.entitlements; path = FakeStore.entitlements; sourceTree = "<group>"; };
		53B76ED82C57FC72002820D8 /* Preview Assets.xcassets */ = {isa = PBXFileReference; lastKnownFileType = folder.assetcatalog; path = "Preview Assets.xcassets"; sourceTree = "<group>"; };
		53B76EDE2C57FC72002820D8 /* FakeStoreTests.xctest */ = {isa = PBXFileReference; explicitFileType = wrapper.cfbundle; includeInIndex = 0; path = FakeStoreTests.xctest; sourceTree = BUILT_PRODUCTS_DIR; };
		53B76EE22C57FC72002820D8 /* FakeStoreTests.swift */ = {isa = PBXFileReference; lastKnownFileType = sourcecode.swift; path = FakeStoreTests.swift; sourceTree = "<group>"; };
		53B76EE82C57FC72002820D8 /* FakeStoreUITests.xctest */ = {isa = PBXFileReference; explicitFileType = wrapper.cfbundle; includeInIndex = 0; path = FakeStoreUITests.xctest; sourceTree = BUILT_PRODUCTS_DIR; };
		53B76EEC2C57FC72002820D8 /* FakeStoreUITests.swift */ = {isa = PBXFileReference; lastKnownFileType = sourcecode.swift; path = FakeStoreUITests.swift; sourceTree = "<group>"; };
		53B76EEE2C57FC72002820D8 /* FakeStoreUITestsLaunchTests.swift */ = {isa = PBXFileReference; lastKnownFileType = sourcecode.swift; path = FakeStoreUITestsLaunchTests.swift; sourceTree = "<group>"; };
/* End PBXFileReference section */

/* Begin PBXFrameworksBuildPhase section */
		53B76ECA2C57FC71002820D8 /* Frameworks */ = {
			isa = PBXFrameworksBuildPhase;
			buildActionMask = 2147483647;
			files = (
			);
			runOnlyForDeploymentPostprocessing = 0;
		};
		53B76EDB2C57FC72002820D8 /* Frameworks */ = {
			isa = PBXFrameworksBuildPhase;
			buildActionMask = 2147483647;
			files = (
			);
			runOnlyForDeploymentPostprocessing = 0;
		};
		53B76EE52C57FC72002820D8 /* Frameworks */ = {
			isa = PBXFrameworksBuildPhase;
			buildActionMask = 2147483647;
			files = (
			);
			runOnlyForDeploymentPostprocessing = 0;
		};
/* End PBXFrameworksBuildPhase section */

/* Begin PBXGroup section */
		53B76EC42C57FC71002820D8 = {
			isa = PBXGroup;
			children = (
				53B76ECF2C57FC71002820D8 /* FakeStore */,
				53B76EE12C57FC72002820D8 /* FakeStoreTests */,
				53B76EEB2C57FC72002820D8 /* FakeStoreUITests */,
				53B76ECE2C57FC71002820D8 /* Products */,
			);
			sourceTree = "<group>";
		};
		53B76ECE2C57FC71002820D8 /* Products */ = {
			isa = PBXGroup;
			children = (
				53B76ECD2C57FC71002820D8 /* FakeStore.app */,
				53B76EDE2C57FC72002820D8 /* FakeStoreTests.xctest */,
				53B76EE82C57FC72002820D8 /* FakeStoreUITests.xctest */,
			);
			name = Products;
			sourceTree = "<group>";
		};
		53B76ECF2C57FC71002820D8 /* FakeStore */ = {
			isa = PBXGroup;
			children = (
				53B76ED02C57FC71002820D8 /* FakeStoreApp.swift */,
				53B76ED22C57FC71002820D8 /* ContentView.swift */,
				53B76ED42C57FC72002820D8 /* Assets.xcassets */,
				53B76ED62C57FC72002820D8 /* FakeStore.entitlements */,
				53B76ED72C57FC72002820D8 /* Preview Content */,
			);
			path = FakeStore;
			sourceTree = "<group>";
		};
		53B76ED72C57FC72002820D8 /* Preview Content */ = {
			isa = PBXGroup;
			children = (
				53B76ED82C57FC72002820D8 /* Preview Assets.xcassets */,
			);
			path = "Preview Content";
			sourceTree = "<group>";
		};
		53B76EE12C57FC72002820D8 /* FakeStoreTests */ = {
			isa = PBXGroup;
			children = (
				53B76EE22C57FC72002820D8 /* FakeStoreTests.swift */,
			);
			path = FakeStoreTests;
			sourceTree = "<group>";
		};
		53B76EEB2C57FC72002820D8 /* FakeStoreUITests */ = {
			isa = PBXGroup;
			children = (
				53B76EEC2C57FC72002820D8 /* FakeStoreUITests.swift */,
				53B76EEE2C57FC72002820D8 /* FakeStoreUITestsLaunchTests.swift */,
			);
			path = FakeStoreUITests;
			sourceTree = "<group>";
		};
/* End PBXGroup section */

/* Begin PBXNativeTarget section */
		53B76ECC2C57FC71002820D8 /* FakeStore */ = {
			isa = PBXNativeTarget;
			buildConfigurationList = 53B76EF22C57FC72002820D8 /* Build configuration list for PBXNativeTarget "FakeStore" */;
			buildPhases = (
				53B76EC92C57FC71002820D8 /* Sources */,
				53B76ECA2C57FC71002820D8 /* Frameworks */,
				53B76ECB2C57FC71002820D8 /* Resources */,
			);
			buildRules = (
			);
			dependencies = (
			);
			name = FakeStore;
			productName = FakeStore;
			productReference = 53B76ECD2C57FC71002820D8 /* FakeStore.app */;
			productType = "com.apple.product-type.application";
		};
		53B76EDD2C57FC72002820D8 /* FakeStoreTests */ = {
			isa = PBXNativeTarget;
			buildConfigurationList = 53B76EF52C57FC72002820D8 /* Build configuration list for PBXNativeTarget "FakeStoreTests" */;
			buildPhases = (
				53B76EDA2C57FC72002820D8 /* Sources */,
				53B76EDB2C57FC72002820D8 /* Frameworks */,
				53B76EDC2C57FC72002820D8 /* Resources */,
			);
			buildRules = (
			);
			dependencies = (
				53B76EE02C57FC72002820D8 /* PBXTargetDependency */,
			);
			name = FakeStoreTests;
			productName = FakeStoreTests;
			productReference = 53B76EDE2C57FC72002820D8 /* FakeStoreTests.xctest */;
			productType = "com.apple.product-type.bundle.unit-test";
		};
		53B76EE72C57FC72002820D8 /* FakeStoreUITests */ = {
			isa = PBXNativeTarget;
			buildConfigurationList = 53B76EF82C57FC72002820D8 /* Build configuration list for PBXNativeTarget "FakeStoreUITests" */;
			buildPhases = (
				53B76EE42C57FC72002820D8 /* Sources */,
				53B76EE52C57FC72002820D8 /* Frameworks */,
				53B76EE62C57FC72002820D8 /* Resources */,
			);
			buildRules = (
			);
			dependencies = (
				53B76EEA2C57FC72002820D8 /* PBXTargetDependency */,
			);
			name = FakeStoreUITests;
			productName = FakeStoreUITests;
			productReference = 53B76EE82C57FC72002820D8 /* FakeStoreUITests.xctest */;
			productType = "com.apple.product-type.bundle.ui-testing";
		};
/* End PBXNativeTarget section */

/* Begin PBXProject section */
		53B76EC52C57FC71002820D8 /* Project object */ = {
			isa = PBXProject;
			attributes = {
				BuildIndependentTargetsInParallel = 1;
				LastSwiftUpdateCheck = 1540;
				LastUpgradeCheck = 1540;
				TargetAttributes = {
					53B76ECC2C57FC71002820D8 = {
						CreatedOnToolsVersion = 15.4;
					};
					53B76EDD2C57FC72002820D8 = {
						CreatedOnToolsVersion = 15.4;
						TestTargetID = 53B76ECC2C57FC71002820D8;
					};
					53B76EE72C57FC72002820D8 = {
						CreatedOnToolsVersion = 15.4;
						TestTargetID = 53B76ECC2C57FC71002820D8;
					};
				};
			};
			buildConfigurationList = 53B76EC82C57FC71002820D8 /* Build configuration list for PBXProject "FakeStore" */;
			compatibilityVersion = "Xcode 14.0";
			developmentRegion = en;
			hasScannedForEncodings = 0;
			knownRegions = (
				en,
				Base,
			);
			mainGroup = 53B76EC42C57FC71002820D8;
			productRefGroup = 53B76ECE2C57FC71002820D8 /* Products */;
			projectDirPath = "";
			projectRoot = "";
			targets = (
				53B76ECC2C57FC71002820D8 /* FakeStore */,
				53B76EDD2C57FC72002820D8 /* FakeStoreTests */,
				53B76EE72C57FC72002820D8 /* FakeStoreUITests */,
			);
		};
/* End PBXProject section */

/* Begin PBXResourcesBuildPhase section */
		53B76ECB2C57FC71002820D8 /* Resources */ = {
			isa = PBXResourcesBuildPhase;
			buildActionMask = 2147483647;
			files = (
				53B76ED92C57FC72002820D8 /* Preview Assets.xcassets in Resources */,
				53B76ED52C57FC72002820D8 /* Assets.xcassets in Resources */,
			);
			runOnlyForDeploymentPostprocessing = 0;
		};
		53B76EDC2C57FC72002820D8 /* Resources */ = {
			isa = PBXResourcesBuildPhase;
			buildActionMask = 2147483647;
			files = (
			);
			runOnlyForDeploymentPostprocessing = 0;
		};
		53B76EE62C57FC72002820D8 /* Resources */ = {
			isa = PBXResourcesBuildPhase;
			buildActionMask = 2147483647;
			files = (
			);
			runOnlyForDeploymentPostprocessing = 0;
		};
/* End PBXResourcesBuildPhase section */

/* Begin PBXSourcesBuildPhase section */
		53B76EC92C57FC71002820D8 /* Sources */ = {
			isa = PBXSourcesBuildPhase;
			buildActionMask = 2147483647;
			files = (
				53B76ED32C57FC71002820D8 /* ContentView.swift in Sources */,
				53B76ED12C57FC71002820D8 /* FakeStoreApp.swift in Sources */,
			);
			runOnlyForDeploymentPostprocessing = 0;
		};
		53B76EDA2C57FC72002820D8 /* Sources */ = {
			isa = PBXSourcesBuildPhase;
			buildActionMask = 2147483647;
			files = (
				53B76EE32C57FC72002820D8 /* FakeStoreTests.swift in Sources */,
			);
			runOnlyForDeploymentPostprocessing = 0;
		};
		53B76EE42C57FC72002820D8 /* Sources */ = {
			isa = PBXSourcesBuildPhase;
			buildActionMask = 2147483647;
			files = (
				53B76EED2C57FC72002820D8 /* FakeStoreUITests.swift in Sources */,
				53B76EEF2C57FC72002820D8 /* FakeStoreUITestsLaunchTests.swift in Sources */,
			);
			runOnlyForDeploymentPostprocessing = 0;
		};
/* End PBXSourcesBuildPhase section */

/* Begin PBXTargetDependency section */
		53B76EE02C57FC72002820D8 /* PBXTargetDependency */ = {
			isa = PBXTargetDependency;
			target = 53B76ECC2C57FC71002820D8 /* FakeStore */;
			targetProxy = 53B76EDF2C57FC72002820D8 /* PBXContainerItemProxy */;
		};
		53B76EEA2C57FC72002820D8 /* PBXTargetDependency */ = {
			isa = PBXTargetDependency;
			target = 53B76ECC2C57FC71002820D8 /* FakeStore */;
			targetProxy = 53B76EE92C57FC72002820D8 /* PBXContainerItemProxy */;
		};
/* End PBXTargetDependency section */

/* Begin XCBuildConfiguration section */
		53B76EF02C57FC72002820D8 /* Debug */ = {
			isa = XCBuildConfiguration;
			buildSettings = {
				ALWAYS_SEARCH_USER_PATHS = NO;
				ASSETCATALOG_COMPILER_GENERATE_SWIFT_ASSET_SYMBOL_EXTENSIONS = YES;
				CLANG_ANALYZER_NONNULL = YES;
				CLANG_ANALYZER_NUMBER_OBJECT_CONVERSION = YES_AGGRESSIVE;
				CLANG_CXX_LANGUAGE_STANDARD = "gnu++20";
				CLANG_ENABLE_MODULES = YES;
				CLANG_ENABLE_OBJC_ARC = YES;
				CLANG_ENABLE_OBJC_WEAK = YES;
				CLANG_WARN_BLOCK_CAPTURE_AUTORELEASING = YES;
				CLANG_WARN_BOOL_CONVERSION = YES;
				CLANG_WARN_COMMA = YES;
				CLANG_WARN_CONSTANT_CONVERSION = YES;
				CLANG_WARN_DEPRECATED_OBJC_IMPLEMENTATIONS = YES;
				CLANG_WARN_DIRECT_OBJC_ISA_USAGE = YES_ERROR;
				CLANG_WARN_DOCUMENTATION_COMMENTS = YES;
				CLANG_WARN_EMPTY_BODY = YES;
				CLANG_WARN_ENUM_CONVERSION = YES;
				CLANG_WARN_INFINITE_RECURSION = YES;
				CLANG_WARN_INT_CONVERSION = YES;
				CLANG_WARN_NON_LITERAL_NULL_CONVERSION = YES;
				CLANG_WARN_OBJC_IMPLICIT_RETAIN_SELF = YES;
				CLANG_WARN_OBJC_LITERAL_CONVERSION = YES;
				CLANG_WARN_OBJC_ROOT_CLASS = YES_ERROR;
				CLANG_WARN_QUOTED_INCLUDE_IN_FRAMEWORK_HEADER = YES;
				CLANG_WARN_RANGE_LOOP_ANALYSIS = YES;
				CLANG_WARN_STRICT_PROTOTYPES = YES;
				CLANG_WARN_SUSPICIOUS_MOVE = YES;
				CLANG_WARN_UNGUARDED_AVAILABILITY = YES_AGGRESSIVE;
				CLANG_WARN_UNREACHABLE_CODE = YES;
				CLANG_WARN__DUPLICATE_METHOD_MATCH = YES;
				COPY_PHASE_STRIP = NO;
				DEBUG_INFORMATION_FORMAT = dwarf;
				ENABLE_STRICT_OBJC_MSGSEND = YES;
				ENABLE_TESTABILITY = YES;
				ENABLE_USER_SCRIPT_SANDBOXING = YES;
				GCC_C_LANGUAGE_STANDARD = gnu17;
				GCC_DYNAMIC_NO_PIC = NO;
				GCC_NO_COMMON_BLOCKS = YES;
				GCC_OPTIMIZATION_LEVEL = 0;
				GCC_PREPROCESSOR_DEFINITIONS = (
					"DEBUG=1",
					"$(inherited)",
				);
				GCC_WARN_64_TO_32_BIT_CONVERSION = YES;
				GCC_WARN_ABOUT_RETURN_TYPE = YES_ERROR;
				GCC_WARN_UNDECLARED_SELECTOR = YES;
				GCC_WARN_UNINITIALIZED_AUTOS = YES_AGGRESSIVE;
				GCC_WARN_UNUSED_FUNCTION = YES;
				GCC_WARN_UNUSED_VARIABLE = YES;
				LOCALIZATION_PREFERS_STRING_CATALOGS = YES;
				MTL_ENABLE_DEBUG_INFO = INCLUDE_SOURCE;
				MTL_FAST_MATH = YES;
				ONLY_ACTIVE_ARCH = YES;
				SWIFT_ACTIVE_COMPILATION_CONDITIONS = "DEBUG $(inherited)";
				SWIFT_OPTIMIZATION_LEVEL = "-Onone";
			};
			name = Debug;
		};
		53B76EF12C57FC72002820D8 /* Release */ = {
			isa = XCBuildConfiguration;
			buildSettings = {
				ALWAYS_SEARCH_USER_PATHS = NO;
				ASSETCATALOG_COMPILER_GENERATE_SWIFT_ASSET_SYMBOL_EXTENSIONS = YES;
				CLANG_ANALYZER_NONNULL = YES;
				CLANG_ANALYZER_NUMBER_OBJECT_CONVERSION = YES_AGGRESSIVE;
				CLANG_CXX_LANGUAGE_STANDARD = "gnu++20";
				CLANG_ENABLE_MODULES = YES;
				CLANG_ENABLE_OBJC_ARC = YES;
				CLANG_ENABLE_OBJC_WEAK = YES;
				CLANG_WARN_BLOCK_CAPTURE_AUTORELEASING = YES;
				CLANG_WARN_BOOL_CONVERSION = YES;
				CLANG_WARN_COMMA = YES;
				CLANG_WARN_CONSTANT_CONVERSION = YES;
				CLANG_WARN_DEPRECATED_OBJC_IMPLEMENTATIONS = YES;
				CLANG_WARN_DIRECT_OBJC_ISA_USAGE = YES_ERROR;
				CLANG_WARN_DOCUMENTATION_COMMENTS = YES;
				CLANG_WARN_EMPTY_BODY = YES;
				CLANG_WARN_ENUM_CONVERSION = YES;
				CLANG_WARN_INFINITE_RECURSION = YES;
				CLANG_WARN_INT_CONVERSION = YES;
				CLANG_WARN_NON_LITERAL_NULL_CONVERSION = YES;
				CLANG_WARN_OBJC_IMPLICIT_RETAIN_SELF = YES;
				CLANG_WARN_OBJC_LITERAL_CONVERSION = YES;
				CLANG_WARN_OBJC_ROOT_CLASS = YES_ERROR;
				CLANG_WARN_QUOTED_INCLUDE_IN_FRAMEWORK_HEADER = YES;
				CLANG_WARN_RANGE_LOOP_ANALYSIS = YES;
				CLANG_WARN_STRICT_PROTOTYPES = YES;
				CLANG_WARN_SUSPICIOUS_MOVE = YES;
				CLANG_WARN_UNGUARDED_AVAILABILITY = YES_AGGRESSIVE;
				CLANG_WARN_UNREACHABLE_CODE = YES;
				CLANG_WARN__DUPLICATE_METHOD_MATCH = YES;
				COPY_PHASE_STRIP = NO;
				DEBUG_INFORMATION_FORMAT = "dwarf-with-dsym";
				ENABLE_NS_ASSERTIONS = NO;
				ENABLE_STRICT_OBJC_MSGSEND = YES;
				ENABLE_USER_SCRIPT_SANDBOXING = YES;
				GCC_C_LANGUAGE_STANDARD = gnu17;
				GCC_NO_COMMON_BLOCKS = YES;
				GCC_WARN_64_TO_32_BIT_CONVERSION = YES;
				GCC_WARN_ABOUT_RETURN_TYPE = YES_ERROR;
				GCC_WARN_UNDECLARED_SELECTOR = YES;
				GCC_WARN_UNINITIALIZED_AUTOS = YES_AGGRESSIVE;
				GCC_WARN_UNUSED_FUNCTION = YES;
				GCC_WARN_UNUSED_VARIABLE = YES;
				LOCALIZATION_PREFERS_STRING_CATALOGS = YES;
				MTL_ENABLE_DEBUG_INFO = NO;
				MTL_FAST_MATH = YES;
				SWIFT_COMPILATION_MODE = wholemodule;
			};
			name = Release;
		};
		53B76EF32C57FC72002820D8 /* Debug */ = {
			isa = XCBuildConfiguration;
			buildSettings = {
				ASSETCATALOG_COMPILER_APPICON_NAME = AppIcon;
				ASSETCATALOG_COMPILER_GLOBAL_ACCENT_COLOR_NAME = AccentColor;
				CODE_SIGN_ENTITLEMENTS = FakeStore/FakeStore.entitlements;
				CODE_SIGN_STYLE = Automatic;
				CURRENT_PROJECT_VERSION = 1;
				DEVELOPMENT_ASSET_PATHS = "\"FakeStore/Preview Content\"";
				DEVELOPMENT_TEAM = 4DP3CMRP54;
				ENABLE_HARDENED_RUNTIME = YES;
				ENABLE_PREVIEWS = YES;
				GENERATE_INFOPLIST_FILE = YES;
				"INFOPLIST_KEY_UIApplicationSceneManifest_Generation[sdk=iphoneos*]" = YES;
				"INFOPLIST_KEY_UIApplicationSceneManifest_Generation[sdk=iphonesimulator*]" = YES;
				"INFOPLIST_KEY_UIApplicationSupportsIndirectInputEvents[sdk=iphoneos*]" = YES;
				"INFOPLIST_KEY_UIApplicationSupportsIndirectInputEvents[sdk=iphonesimulator*]" = YES;
				"INFOPLIST_KEY_UILaunchScreen_Generation[sdk=iphoneos*]" = YES;
				"INFOPLIST_KEY_UILaunchScreen_Generation[sdk=iphonesimulator*]" = YES;
				"INFOPLIST_KEY_UIStatusBarStyle[sdk=iphoneos*]" = UIStatusBarStyleDefault;
				"INFOPLIST_KEY_UIStatusBarStyle[sdk=iphonesimulator*]" = UIStatusBarStyleDefault;
				INFOPLIST_KEY_UISupportedInterfaceOrientations_iPad = "UIInterfaceOrientationPortrait UIInterfaceOrientationPortraitUpsideDown UIInterfaceOrientationLandscapeLeft UIInterfaceOrientationLandscapeRight";
				INFOPLIST_KEY_UISupportedInterfaceOrientations_iPhone = "UIInterfaceOrientationPortrait UIInterfaceOrientationLandscapeLeft UIInterfaceOrientationLandscapeRight";
				IPHONEOS_DEPLOYMENT_TARGET = 17.5;
				LD_RUNPATH_SEARCH_PATHS = "@executable_path/Frameworks";
				"LD_RUNPATH_SEARCH_PATHS[sdk=macosx*]" = "@executable_path/../Frameworks";
				MACOSX_DEPLOYMENT_TARGET = 14.5;
				MARKETING_VERSION = 1.0;
				PRODUCT_BUNDLE_IDENTIFIER = com.malgorzatamaz.FakeStore;
				PRODUCT_NAME = "$(TARGET_NAME)";
				SDKROOT = auto;
				SUPPORTED_PLATFORMS = "iphoneos iphonesimulator macosx";
				SWIFT_EMIT_LOC_STRINGS = YES;
				SWIFT_VERSION = 5.0;
				TARGETED_DEVICE_FAMILY = "1,2";
			};
			name = Debug;
		};
		53B76EF42C57FC72002820D8 /* Release */ = {
			isa = XCBuildConfiguration;
			buildSettings = {
				ASSETCATALOG_COMPILER_APPICON_NAME = AppIcon;
				ASSETCATALOG_COMPILER_GLOBAL_ACCENT_COLOR_NAME = AccentColor;
				CODE_SIGN_ENTITLEMENTS = FakeStore/FakeStore.entitlements;
				CODE_SIGN_STYLE = Automatic;
				CURRENT_PROJECT_VERSION = 1;
				DEVELOPMENT_ASSET_PATHS = "\"FakeStore/Preview Content\"";
				DEVELOPMENT_TEAM = 4DP3CMRP54;
				ENABLE_HARDENED_RUNTIME = YES;
				ENABLE_PREVIEWS = YES;
				GENERATE_INFOPLIST_FILE = YES;
				"INFOPLIST_KEY_UIApplicationSceneManifest_Generation[sdk=iphoneos*]" = YES;
				"INFOPLIST_KEY_UIApplicationSceneManifest_Generation[sdk=iphonesimulator*]" = YES;
				"INFOPLIST_KEY_UIApplicationSupportsIndirectInputEvents[sdk=iphoneos*]" = YES;
				"INFOPLIST_KEY_UIApplicationSupportsIndirectInputEvents[sdk=iphonesimulator*]" = YES;
				"INFOPLIST_KEY_UILaunchScreen_Generation[sdk=iphoneos*]" = YES;
				"INFOPLIST_KEY_UILaunchScreen_Generation[sdk=iphonesimulator*]" = YES;
				"INFOPLIST_KEY_UIStatusBarStyle[sdk=iphoneos*]" = UIStatusBarStyleDefault;
				"INFOPLIST_KEY_UIStatusBarStyle[sdk=iphonesimulator*]" = UIStatusBarStyleDefault;
				INFOPLIST_KEY_UISupportedInterfaceOrientations_iPad = "UIInterfaceOrientationPortrait UIInterfaceOrientationPortraitUpsideDown UIInterfaceOrientationLandscapeLeft UIInterfaceOrientationLandscapeRight";
				INFOPLIST_KEY_UISupportedInterfaceOrientations_iPhone = "UIInterfaceOrientationPortrait UIInterfaceOrientationLandscapeLeft UIInterfaceOrientationLandscapeRight";
				IPHONEOS_DEPLOYMENT_TARGET = 17.5;
				LD_RUNPATH_SEARCH_PATHS = "@executable_path/Frameworks";
				"LD_RUNPATH_SEARCH_PATHS[sdk=macosx*]" = "@executable_path/../Frameworks";
				MACOSX_DEPLOYMENT_TARGET = 14.5;
				MARKETING_VERSION = 1.0;
				PRODUCT_BUNDLE_IDENTIFIER = com.malgorzatamaz.FakeStore;
				PRODUCT_NAME = "$(TARGET_NAME)";
				SDKROOT = auto;
				SUPPORTED_PLATFORMS = "iphoneos iphonesimulator macosx";
				SWIFT_EMIT_LOC_STRINGS = YES;
				SWIFT_VERSION = 5.0;
				TARGETED_DEVICE_FAMILY = "1,2";
			};
			name = Release;
		};
		53B76EF62C57FC72002820D8 /* Debug */ = {
			isa = XCBuildConfiguration;
			buildSettings = {
				ALWAYS_EMBED_SWIFT_STANDARD_LIBRARIES = YES;
				BUNDLE_LOADER = "$(TEST_HOST)";
				CODE_SIGN_STYLE = Automatic;
				CURRENT_PROJECT_VERSION = 1;
				DEVELOPMENT_TEAM = 4DP3CMRP54;
				GENERATE_INFOPLIST_FILE = YES;
				IPHONEOS_DEPLOYMENT_TARGET = 17.5;
				MACOSX_DEPLOYMENT_TARGET = 14.5;
				MARKETING_VERSION = 1.0;
				PRODUCT_BUNDLE_IDENTIFIER = com.malgorzatamaz.FakeStoreTests;
				PRODUCT_NAME = "$(TARGET_NAME)";
				SDKROOT = auto;
				SUPPORTED_PLATFORMS = "iphoneos iphonesimulator macosx";
				SWIFT_EMIT_LOC_STRINGS = NO;
				SWIFT_VERSION = 5.0;
				TARGETED_DEVICE_FAMILY = "1,2";
				TEST_HOST = "$(BUILT_PRODUCTS_DIR)/FakeStore.app/$(BUNDLE_EXECUTABLE_FOLDER_PATH)/FakeStore";
			};
			name = Debug;
		};
		53B76EF72C57FC72002820D8 /* Release */ = {
			isa = XCBuildConfiguration;
			buildSettings = {
				ALWAYS_EMBED_SWIFT_STANDARD_LIBRARIES = YES;
				BUNDLE_LOADER = "$(TEST_HOST)";
				CODE_SIGN_STYLE = Automatic;
				CURRENT_PROJECT_VERSION = 1;
				DEVELOPMENT_TEAM = 4DP3CMRP54;
				GENERATE_INFOPLIST_FILE = YES;
				IPHONEOS_DEPLOYMENT_TARGET = 17.5;
				MACOSX_DEPLOYMENT_TARGET = 14.5;
				MARKETING_VERSION = 1.0;
				PRODUCT_BUNDLE_IDENTIFIER = com.malgorzatamaz.FakeStoreTests;
				PRODUCT_NAME = "$(TARGET_NAME)";
				SDKROOT = auto;
				SUPPORTED_PLATFORMS = "iphoneos iphonesimulator macosx";
				SWIFT_EMIT_LOC_STRINGS = NO;
				SWIFT_VERSION = 5.0;
				TARGETED_DEVICE_FAMILY = "1,2";
				TEST_HOST = "$(BUILT_PRODUCTS_DIR)/FakeStore.app/$(BUNDLE_EXECUTABLE_FOLDER_PATH)/FakeStore";
			};
			name = Release;
		};
		53B76EF92C57FC72002820D8 /* Debug */ = {
			isa = XCBuildConfiguration;
			buildSettings = {
				ALWAYS_EMBED_SWIFT_STANDARD_LIBRARIES = YES;
				CODE_SIGN_STYLE = Automatic;
				CURRENT_PROJECT_VERSION = 1;
				DEVELOPMENT_TEAM = 4DP3CMRP54;
				GENERATE_INFOPLIST_FILE = YES;
				IPHONEOS_DEPLOYMENT_TARGET = 17.5;
				MACOSX_DEPLOYMENT_TARGET = 14.5;
				MARKETING_VERSION = 1.0;
				PRODUCT_BUNDLE_IDENTIFIER = com.malgorzatamaz.FakeStoreUITests;
				PRODUCT_NAME = "$(TARGET_NAME)";
				SDKROOT = auto;
				SUPPORTED_PLATFORMS = "iphoneos iphonesimulator macosx";
				SWIFT_EMIT_LOC_STRINGS = NO;
				SWIFT_VERSION = 5.0;
				TARGETED_DEVICE_FAMILY = "1,2";
				TEST_TARGET_NAME = FakeStore;
			};
			name = Debug;
		};
		53B76EFA2C57FC72002820D8 /* Release */ = {
			isa = XCBuildConfiguration;
			buildSettings = {
				ALWAYS_EMBED_SWIFT_STANDARD_LIBRARIES = YES;
				CODE_SIGN_STYLE = Automatic;
				CURRENT_PROJECT_VERSION = 1;
				DEVELOPMENT_TEAM = 4DP3CMRP54;
				GENERATE_INFOPLIST_FILE = YES;
				IPHONEOS_DEPLOYMENT_TARGET = 17.5;
				MACOSX_DEPLOYMENT_TARGET = 14.5;
				MARKETING_VERSION = 1.0;
				PRODUCT_BUNDLE_IDENTIFIER = com.malgorzatamaz.FakeStoreUITests;
				PRODUCT_NAME = "$(TARGET_NAME)";
				SDKROOT = auto;
				SUPPORTED_PLATFORMS = "iphoneos iphonesimulator macosx";
				SWIFT_EMIT_LOC_STRINGS = NO;
				SWIFT_VERSION = 5.0;
				TARGETED_DEVICE_FAMILY = "1,2";
				TEST_TARGET_NAME = FakeStore;
			};
			name = Release;
		};
/* End XCBuildConfiguration section */

/* Begin XCConfigurationList section */
		53B76EC82C57FC71002820D8 /* Build configuration list for PBXProject "FakeStore" */ = {
			isa = XCConfigurationList;
			buildConfigurations = (
				53B76EF02C57FC72002820D8 /* Debug */,
				53B76EF12C57FC72002820D8 /* Release */,
			);
			defaultConfigurationIsVisible = 0;
			defaultConfigurationName = Release;
		};
		53B76EF22C57FC72002820D8 /* Build configuration list for PBXNativeTarget "FakeStore" */ = {
			isa = XCConfigurationList;
			buildConfigurations = (
				53B76EF32C57FC72002820D8 /* Debug */,
				53B76EF42C57FC72002820D8 /* Release */,
			);
			defaultConfigurationIsVisible = 0;
			defaultConfigurationName = Release;
		};
		53B76EF52C57FC72002820D8 /* Build configuration list for PBXNativeTarget "FakeStoreTests" */ = {
			isa = XCConfigurationList;
			buildConfigurations = (
				53B76EF62C57FC72002820D8 /* Debug */,
				53B76EF72C57FC72002820D8 /* Release */,
			);
			defaultConfigurationIsVisible = 0;
			defaultConfigurationName = Release;
		};
		53B76EF82C57FC72002820D8 /* Build configuration list for PBXNativeTarget "FakeStoreUITests" */ = {
			isa = XCConfigurationList;
			buildConfigurations = (
				53B76EF92C57FC72002820D8 /* Debug */,
				53B76EFA2C57FC72002820D8 /* Release */,
			);
			defaultConfigurationIsVisible = 0;
			defaultConfigurationName = Release;
		};
/* End XCConfigurationList section */
	};
	rootObject = 53B76EC52C57FC71002820D8 /* Project object */;
}
